# Generated by pub
# See https://dart.dev/tools/pub/glossary#lockfile
packages:
  async:
    dependency: transitive
    description:
      name: async
      url: "https://pub.dartlang.org"
    source: hosted
    version: "2.9.0"
  cbl:
    dependency: "direct main"
    description:
      name: cbl
      url: "https://pub.dartlang.org"
    source: hosted
    version: "2.1.0"
  cbl_dart:
    dependency: "direct main"
    description:
      path: ".."
      relative: true
    source: path
    version: "2.1.2"
  cbl_ffi:
    dependency: "direct overridden"
    description:
      name: cbl_ffi
      url: "https://pub.dartlang.org"
    source: hosted
    version: "0.8.0+1"
  cbl_libcblite_api:
    dependency: "direct overridden"
    description:
      name: cbl_libcblite_api
      url: "https://pub.dartlang.org"
    source: hosted
    version: "3.0.2"
  cbl_libcblitedart_api:
    dependency: "direct overridden"
    description:
      name: cbl_libcblitedart_api
      url: "https://pub.dartlang.org"
    source: hosted
    version: "3.0.0"
  characters:
    dependency: transitive
    description:
      name: characters
      url: "https://pub.dartlang.org"
    source: hosted
    version: "1.2.1"
  collection:
    dependency: transitive
    description:
      name: collection
      url: "https://pub.dartlang.org"
    source: hosted
    version: "1.16.0"
  crypto:
    dependency: transitive
    description:
      name: crypto
      url: "https://pub.dartlang.org"
    source: hosted
    version: "3.0.2"
  ffi:
    dependency: transitive
    description:
      name: ffi
      url: "https://pub.dartlang.org"
    source: hosted
    version: "2.0.1"
  meta:
    dependency: transitive
    description:
      name: meta
      url: "https://pub.dartlang.org"
    source: hosted
    version: "1.8.0"
  path:
    dependency: transitive
    description:
      name: path
      url: "https://pub.dartlang.org"
    source: hosted
    version: "1.8.2"
  stream_channel:
    dependency: transitive
    description:
      name: stream_channel
      url: "https://pub.dartlang.org"
    source: hosted
    version: "2.1.1"
  synchronized:
    dependency: transitive
    description:
      name: synchronized
      url: "https://pub.dartlang.org"
    source: hosted
    version: "3.0.0+3"
  typed_data:
    dependency: transitive
    description:
      name: typed_data
      url: "https://pub.dartlang.org"
    source: hosted
    version: "1.3.1"
  web_socket_channel:
    dependency: transitive
    description:
      name: web_socket_channel
      url: "https://pub.dartlang.org"
    source: hosted
    version: "2.2.0"
sdks:
  dart: ">=2.17.0 <3.0.0"
