// !$*UTF8*$!
{
	archiveVersion = 1;
	classes = {
	};
	objectVersion = 52;
	objects = {

/* Begin PBXBuildFile section */
		C0132E08271C1E81005293A6 /* CouchbaseLite.xcframework in Frameworks */ = {isa = PBXBuildFile; fileRef = C0132E07271C1E80005293A6 /* CouchbaseLite.xcframework */; };
		C09A4C4B271B7E3A0090EC68 /* Fleece+Dart.h in Headers */ = {isa = PBXBuildFile; fileRef = C09A4C48271B7E3A0090EC68 /* Fleece+Dart.h */; };
		C09A4C4C271B7E3A0090EC68 /* CBL+Dart.h in Headers */ = {isa = PBXBuildFile; fileRef = C09A4C49271B7E3A0090EC68 /* CBL+Dart.h */; };
		C09A4C4D271B7E3A0090EC68 /* CBLDart_Export.h in Headers */ = {isa = PBXBuildFile; fileRef = C09A4C4A271B7E3A0090EC68 /* CBLDart_Export.h */; };
		C09E6C23263456C700127155 /* Utils.cpp in Sources */ = {isa = PBXBuildFile; fileRef = C09E6C1A263456C700127155 /* Utils.cpp */; };
		C09E6C24263456C700127155 /* Utils.h in Headers */ = {isa = PBXBuildFile; fileRef = C09E6C22263456C700127155 /* Utils.h */; };
		C0BFDD2327415FDC007AD8DC /* Sentry.h in Headers */ = {isa = PBXBuildFile; fileRef = C0BFDD2127415FDC007AD8DC /* Sentry.h */; };
		C0BFDD2427415FDC007AD8DC /* Sentry.cpp in Sources */ = {isa = PBXBuildFile; fileRef = C0BFDD2227415FDC007AD8DC /* Sentry.cpp */; };
		C0D8CBEC25CF2AD7008B87C0 /* Fleece+Dart.cpp in Sources */ = {isa = PBXBuildFile; fileRef = C0D8CBE625CF2AD7008B87C0 /* Fleece+Dart.cpp */; };
		C0D8CBED25CF2AD7008B87C0 /* AsyncCallback.cpp in Sources */ = {isa = PBXBuildFile; fileRef = C0D8CBE725CF2AD7008B87C0 /* AsyncCallback.cpp */; };
		C0D8CBEF25CF2AD7008B87C0 /* AsyncCallback.h in Headers */ = {isa = PBXBuildFile; fileRef = C0D8CBE925CF2AD7008B87C0 /* AsyncCallback.h */; };
		C0D8CC3225CF2ECC008B87C0 /* CBL+Dart.cpp in Sources */ = {isa = PBXBuildFile; fileRef = C0D8CC3125CF2ECC008B87C0 /* CBL+Dart.cpp */; };
		C0D8CC6525CF325B008B87C0 /* dart_api_dl.c in Sources */ = {isa = PBXBuildFile; fileRef = C0D8CC6425CF325B008B87C0 /* dart_api_dl.c */; };
/* End PBXBuildFile section */

/* Begin PBXFileReference section */
		C005BBA925CF27DB0086E1B3 /* CouchbaseLiteDart.framework */ = {isa = PBXFileReference; explicitFileType = wrapper.framework; includeInIndex = 0; path = CouchbaseLiteDart.framework; sourceTree = BUILT_PRODUCTS_DIR; };
		C0132E07271C1E80005293A6 /* CouchbaseLite.xcframework */ = {isa = PBXFileReference; lastKnownFileType = wrapper.xcframework; name = CouchbaseLite.xcframework; path = ./Xcode/CouchbaseLite.xcframework; sourceTree = "<group>"; };
		C0971C0E25CF7745006EE2DC /* Project.xcconfig */ = {isa = PBXFileReference; lastKnownFileType = text.xcconfig; path = Project.xcconfig; sourceTree = "<group>"; };
		C0971C0F25CF774C006EE2DC /* Project_Release.xcconfig */ = {isa = PBXFileReference; lastKnownFileType = text.xcconfig; path = Project_Release.xcconfig; sourceTree = "<group>"; };
		C0971C1025CF7752006EE2DC /* Project_Debug.xcconfig */ = {isa = PBXFileReference; lastKnownFileType = text.xcconfig; path = Project_Debug.xcconfig; sourceTree = "<group>"; };
		C0971C1125CF7AA1006EE2DC /* CBL_Dart.xcconfig */ = {isa = PBXFileReference; lastKnownFileType = text.xcconfig; path = CBL_Dart.xcconfig; sourceTree = "<group>"; };
		C0971C1225CF7AAE006EE2DC /* CBL_Dart_Release.xcconfig */ = {isa = PBXFileReference; lastKnownFileType = text.xcconfig; path = CBL_Dart_Release.xcconfig; sourceTree = "<group>"; };
		C0971C1325CF7ABA006EE2DC /* CBL_Dart_Debug.xcconfig */ = {isa = PBXFileReference; lastKnownFileType = text.xcconfig; path = CBL_Dart_Debug.xcconfig; sourceTree = "<group>"; };
		C09A4C48271B7E3A0090EC68 /* Fleece+Dart.h */ = {isa = PBXFileReference; fileEncoding = 4; lastKnownFileType = sourcecode.c.h; path = "Fleece+Dart.h"; sourceTree = "<group>"; };
		C09A4C49271B7E3A0090EC68 /* CBL+Dart.h */ = {isa = PBXFileReference; fileEncoding = 4; lastKnownFileType = sourcecode.c.h; path = "CBL+Dart.h"; sourceTree = "<group>"; };
		C09A4C4A271B7E3A0090EC68 /* CBLDart_Export.h */ = {isa = PBXFileReference; fileEncoding = 4; lastKnownFileType = sourcecode.c.h; path = CBLDart_Export.h; sourceTree = "<group>"; };
		C09E6C1A263456C700127155 /* Utils.cpp */ = {isa = PBXFileReference; fileEncoding = 4; lastKnownFileType = sourcecode.cpp.cpp; path = Utils.cpp; sourceTree = "<group>"; };
		C09E6C22263456C700127155 /* Utils.h */ = {isa = PBXFileReference; fileEncoding = 4; lastKnownFileType = sourcecode.cpp.h; path = Utils.h; sourceTree = "<group>"; };
		C0BFDD2127415FDC007AD8DC /* Sentry.h */ = {isa = PBXFileReference; fileEncoding = 4; lastKnownFileType = sourcecode.c.h; path = Sentry.h; sourceTree = "<group>"; };
		C0BFDD2227415FDC007AD8DC /* Sentry.cpp */ = {isa = PBXFileReference; fileEncoding = 4; lastKnownFileType = sourcecode.cpp.cpp; path = Sentry.cpp; sourceTree = "<group>"; };
		C0D8CBCB25CF285A008B87C0 /* Info.plist */ = {isa = PBXFileReference; lastKnownFileType = text.plist; name = Info.plist; path = XCode/Info.plist; sourceTree = SOURCE_ROOT; };
		C0D8CBE625CF2AD7008B87C0 /* Fleece+Dart.cpp */ = {isa = PBXFileReference; fileEncoding = 4; lastKnownFileType = sourcecode.cpp.cpp; path = "Fleece+Dart.cpp"; sourceTree = "<group>"; };
		C0D8CBE725CF2AD7008B87C0 /* AsyncCallback.cpp */ = {isa = PBXFileReference; fileEncoding = 4; lastKnownFileType = sourcecode.cpp.cpp; path = AsyncCallback.cpp; sourceTree = "<group>"; };
		C0D8CBE925CF2AD7008B87C0 /* AsyncCallback.h */ = {isa = PBXFileReference; fileEncoding = 4; lastKnownFileType = sourcecode.c.h; path = AsyncCallback.h; sourceTree = "<group>"; };
		C0D8CC3125CF2ECC008B87C0 /* CBL+Dart.cpp */ = {isa = PBXFileReference; fileEncoding = 4; lastKnownFileType = sourcecode.cpp.cpp; path = "CBL+Dart.cpp"; sourceTree = "<group>"; };
		C0D8CC6425CF325B008B87C0 /* dart_api_dl.c */ = {isa = PBXFileReference; fileEncoding = 4; lastKnownFileType = sourcecode.c.c; path = dart_api_dl.c; sourceTree = "<group>"; };
/* End PBXFileReference section */

/* Begin PBXFrameworksBuildPhase section */
		C005BBA625CF27DB0086E1B3 /* Frameworks */ = {
			isa = PBXFrameworksBuildPhase;
			buildActionMask = 2147483647;
			files = (
				C0132E08271C1E81005293A6 /* CouchbaseLite.xcframework in Frameworks */,
			);
			runOnlyForDeploymentPostprocessing = 0;
		};
/* End PBXFrameworksBuildPhase section */

/* Begin PBXGroup section */
		C005BB9F25CF27DB0086E1B3 = {
			isa = PBXGroup;
			children = (
				C09A4C47271B7E3A0090EC68 /* include */,
				C0D8CC3025CF2DF8008B87C0 /* vendor */,
				C0D8CBE225CF28F3008B87C0 /* src */,
				C005BBAB25CF27DB0086E1B3 /* Xcode */,
				C005BBAA25CF27DB0086E1B3 /* Products */,
				C0D8CC6C25CF32A9008B87C0 /* Frameworks */,
			);
			sourceTree = "<group>";
		};
		C005BBAA25CF27DB0086E1B3 /* Products */ = {
			isa = PBXGroup;
			children = (
				C005BBA925CF27DB0086E1B3 /* CouchbaseLiteDart.framework */,
			);
			name = Products;
			sourceTree = "<group>";
		};
		C005BBAB25CF27DB0086E1B3 /* Xcode */ = {
			isa = PBXGroup;
			children = (
				C0971C0D25CF7731006EE2DC /* xcconfigs */,
				C0D8CBCB25CF285A008B87C0 /* Info.plist */,
			);
			path = Xcode;
			sourceTree = "<group>";
		};
		C0971C0D25CF7731006EE2DC /* xcconfigs */ = {
			isa = PBXGroup;
			children = (
				C0971C1125CF7AA1006EE2DC /* CBL_Dart.xcconfig */,
				C0971C1325CF7ABA006EE2DC /* CBL_Dart_Debug.xcconfig */,
				C0971C1225CF7AAE006EE2DC /* CBL_Dart_Release.xcconfig */,
				C0971C0E25CF7745006EE2DC /* Project.xcconfig */,
				C0971C1025CF7752006EE2DC /* Project_Debug.xcconfig */,
				C0971C0F25CF774C006EE2DC /* Project_Release.xcconfig */,
			);
			path = xcconfigs;
			sourceTree = "<group>";
		};
		C09A4C47271B7E3A0090EC68 /* include */ = {
			isa = PBXGroup;
			children = (
				C09A4C48271B7E3A0090EC68 /* Fleece+Dart.h */,
				C09A4C49271B7E3A0090EC68 /* CBL+Dart.h */,
				C09A4C4A271B7E3A0090EC68 /* CBLDart_Export.h */,
			);
			path = include;
			sourceTree = "<group>";
		};
		C0D8CBE225CF28F3008B87C0 /* src */ = {
			isa = PBXGroup;
			children = (
				C0BFDD2227415FDC007AD8DC /* Sentry.cpp */,
				C0BFDD2127415FDC007AD8DC /* Sentry.h */,
				C09E6C1A263456C700127155 /* Utils.cpp */,
				C09E6C22263456C700127155 /* Utils.h */,
				C0D8CBE725CF2AD7008B87C0 /* AsyncCallback.cpp */,
				C0D8CBE925CF2AD7008B87C0 /* AsyncCallback.h */,
				C0D8CC3125CF2ECC008B87C0 /* CBL+Dart.cpp */,
				C0D8CBE625CF2AD7008B87C0 /* Fleece+Dart.cpp */,
			);
			path = src;
			sourceTree = SOURCE_ROOT;
		};
		C0D8CC3025CF2DF8008B87C0 /* vendor */ = {
			isa = PBXGroup;
			children = (
				C0D8CC6725CF3261008B87C0 /* dart */,
			);
			name = vendor;
			path = ../vendor;
			sourceTree = "<group>";
		};
		C0D8CC6725CF3261008B87C0 /* dart */ = {
			isa = PBXGroup;
			children = (
				C0D8CC6825CF326A008B87C0 /* include */,
			);
			path = dart;
			sourceTree = "<group>";
		};
		C0D8CC6825CF326A008B87C0 /* include */ = {
			isa = PBXGroup;
			children = (
				C0D8CC6925CF3270008B87C0 /* dart */,
			);
			path = include;
			sourceTree = "<group>";
		};
		C0D8CC6925CF3270008B87C0 /* dart */ = {
			isa = PBXGroup;
			children = (
				C0D8CC6425CF325B008B87C0 /* dart_api_dl.c */,
			);
			path = dart;
			sourceTree = "<group>";
		};
		C0D8CC6C25CF32A9008B87C0 /* Frameworks */ = {
			isa = PBXGroup;
			children = (
				C0132E07271C1E80005293A6 /* CouchbaseLite.xcframework */,
			);
			name = Frameworks;
			sourceTree = "<group>";
		};
/* End PBXGroup section */

/* Begin PBXHeadersBuildPhase section */
		C005BBA425CF27DB0086E1B3 /* Headers */ = {
			isa = PBXHeadersBuildPhase;
			buildActionMask = 2147483647;
			files = (
				C0D8CBEF25CF2AD7008B87C0 /* AsyncCallback.h in Headers */,
				C09E6C24263456C700127155 /* Utils.h in Headers */,
				C09A4C4D271B7E3A0090EC68 /* CBLDart_Export.h in Headers */,
				C0BFDD2327415FDC007AD8DC /* Sentry.h in Headers */,
				C09A4C4C271B7E3A0090EC68 /* CBL+Dart.h in Headers */,
				C09A4C4B271B7E3A0090EC68 /* Fleece+Dart.h in Headers */,
			);
			runOnlyForDeploymentPostprocessing = 0;
		};
/* End PBXHeadersBuildPhase section */

/* Begin PBXNativeTarget section */
		C005BBA825CF27DB0086E1B3 /* CBL_Dart */ = {
			isa = PBXNativeTarget;
			buildConfigurationList = C005BBB125CF27DB0086E1B3 /* Build configuration list for PBXNativeTarget "CBL_Dart" */;
			buildPhases = (
				C005BBA425CF27DB0086E1B3 /* Headers */,
				C005BBA525CF27DB0086E1B3 /* Sources */,
				C005BBA625CF27DB0086E1B3 /* Frameworks */,
				C005BBA725CF27DB0086E1B3 /* Resources */,
			);
			buildRules = (
			);
			dependencies = (
			);
			name = CBL_Dart;
			productName = CBL_Dart;
			productReference = C005BBA925CF27DB0086E1B3 /* CouchbaseLiteDart.framework */;
			productType = "com.apple.product-type.framework";
		};
/* End PBXNativeTarget section */

/* Begin PBXProject section */
		C005BBA025CF27DB0086E1B3 /* Project object */ = {
			isa = PBXProject;
			attributes = {
				LastUpgradeCheck = 1240;
				TargetAttributes = {
					C005BBA825CF27DB0086E1B3 = {
						CreatedOnToolsVersion = 12.4;
					};
				};
			};
			buildConfigurationList = C005BBA325CF27DB0086E1B3 /* Build configuration list for PBXProject "CBL_Dart" */;
			compatibilityVersion = "Xcode 9.3";
			developmentRegion = en;
			hasScannedForEncodings = 0;
			knownRegions = (
				en,
				Base,
			);
			mainGroup = C005BB9F25CF27DB0086E1B3;
			productRefGroup = C005BBAA25CF27DB0086E1B3 /* Products */;
			projectDirPath = "";
			projectRoot = "";
			targets = (
				C005BBA825CF27DB0086E1B3 /* CBL_Dart */,
			);
		};
/* End PBXProject section */

/* Begin PBXResourcesBuildPhase section */
		C005BBA725CF27DB0086E1B3 /* Resources */ = {
			isa = PBXResourcesBuildPhase;
			buildActionMask = 2147483647;
			files = (
			);
			runOnlyForDeploymentPostprocessing = 0;
		};
/* End PBXResourcesBuildPhase section */

/* Begin PBXSourcesBuildPhase section */
		C005BBA525CF27DB0086E1B3 /* Sources */ = {
			isa = PBXSourcesBuildPhase;
			buildActionMask = 2147483647;
			files = (
				C0D8CBED25CF2AD7008B87C0 /* AsyncCallback.cpp in Sources */,
				C0D8CC6525CF325B008B87C0 /* dart_api_dl.c in Sources */,
				C0D8CC3225CF2ECC008B87C0 /* CBL+Dart.cpp in Sources */,
				C09E6C23263456C700127155 /* Utils.cpp in Sources */,
				C0BFDD2427415FDC007AD8DC /* Sentry.cpp in Sources */,
				C0D8CBEC25CF2AD7008B87C0 /* Fleece+Dart.cpp in Sources */,
			);
			runOnlyForDeploymentPostprocessing = 0;
		};
/* End PBXSourcesBuildPhase section */

/* Begin XCBuildConfiguration section */
		C005BBAF25CF27DB0086E1B3 /* Debug */ = {
			isa = XCBuildConfiguration;
			baseConfigurationReference = C0971C1025CF7752006EE2DC /* Project_Debug.xcconfig */;
			buildSettings = {
				CLANG_CXX_LANGUAGE_STANDARD = "gnu++17";
				CURRENT_PROJECT_VERSION = 1;
				GCC_DYNAMIC_NO_PIC = NO;
				GCC_NO_COMMON_BLOCKS = YES;
				GCC_OPTIMIZATION_LEVEL = 0;
				VERSIONING_SYSTEM = "apple-generic";
			};
			name = Debug;
		};
		C005BBB025CF27DB0086E1B3 /* Release */ = {
			isa = XCBuildConfiguration;
			baseConfigurationReference = C0971C0F25CF774C006EE2DC /* Project_Release.xcconfig */;
			buildSettings = {
				CLANG_CXX_LANGUAGE_STANDARD = "gnu++17";
				CURRENT_PROJECT_VERSION = 1;
				GCC_NO_COMMON_BLOCKS = YES;
				VERSIONING_SYSTEM = "apple-generic";
			};
			name = Release;
		};
		C005BBB225CF27DB0086E1B3 /* Debug */ = {
			isa = XCBuildConfiguration;
			baseConfigurationReference = C0971C1325CF7ABA006EE2DC /* CBL_Dart_Debug.xcconfig */;
			buildSettings = {
				CODE_SIGN_IDENTITY = "Apple Development";
				CODE_SIGN_STYLE = Manual;
				DEVELOPMENT_TEAM = "";
				DYLIB_COMPATIBILITY_VERSION = 1;
				DYLIB_CURRENT_VERSION = 1;
				DYLIB_INSTALL_NAME_BASE = "@rpath";
				INFOPLIST_FILE = XCode/Info.plist;
				INSTALL_PATH = "$(LOCAL_LIBRARY_DIR)/Frameworks";
				LD_RUNPATH_SEARCH_PATHS = (
					"$(inherited)",
					"@executable_path/Frameworks",
					"@loader_path/Frameworks",
				);
				MARKETING_VERSION = 1.0;
				PROVISIONING_PROFILE_SPECIFIER = "";
				SKIP_INSTALL = YES;
			};
			name = Debug;
		};
		C005BBB325CF27DB0086E1B3 /* Release */ = {
			isa = XCBuildConfiguration;
			baseConfigurationReference = C0971C1225CF7AAE006EE2DC /* CBL_Dart_Release.xcconfig */;
			buildSettings = {
				CODE_SIGN_IDENTITY = "Apple Development";
				CODE_SIGN_STYLE = Manual;
				DEVELOPMENT_TEAM = "";
				DYLIB_COMPATIBILITY_VERSION = 1;
				DYLIB_CURRENT_VERSION = 1;
				DYLIB_INSTALL_NAME_BASE = "@rpath";
				INFOPLIST_FILE = XCode/Info.plist;
				INSTALL_PATH = "$(LOCAL_LIBRARY_DIR)/Frameworks";
				LD_RUNPATH_SEARCH_PATHS = (
					"$(inherited)",
					"@executable_path/Frameworks",
					"@loader_path/Frameworks",
				);
				MARKETING_VERSION = 1.0;
				PROVISIONING_PROFILE_SPECIFIER = "";
				SKIP_INSTALL = YES;
			};
			name = Release;
		};
/* End XCBuildConfiguration section */

/* Begin XCConfigurationList section */
		C005BBA325CF27DB0086E1B3 /* Build configuration list for PBXProject "CBL_Dart" */ = {
			isa = XCConfigurationList;
			buildConfigurations = (
				C005BBAF25CF27DB0086E1B3 /* Debug */,
				C005BBB025CF27DB0086E1B3 /* Release */,
			);
			defaultConfigurationIsVisible = 0;
			defaultConfigurationName = Release;
		};
		C005BBB125CF27DB0086E1B3 /* Build configuration list for PBXNativeTarget "CBL_Dart" */ = {
			isa = XCConfigurationList;
			buildConfigurations = (
				C005BBB225CF27DB0086E1B3 /* Debug */,
				C005BBB325CF27DB0086E1B3 /* Release */,
			);
			defaultConfigurationIsVisible = 0;
			defaultConfigurationName = Release;
		};
/* End XCConfigurationList section */
	};
	rootObject = C005BBA025CF27DB0086E1B3 /* Project object */;
}
