PODS:
  - cbl_flutter_apple (0.0.1):
    - Flutter
  - Flutter (1.0.0)
  - path_provider (0.0.1):
    - Flutter

DEPENDENCIES:
  - cbl_flutter_apple (from `.symlinks/plugins/cbl_flutter_apple/ios`)
  - Flutter (from `Flutter`)
  - path_provider (from `.symlinks/plugins/path_provider/ios`)

EXTERNAL SOURCES:
  cbl_flutter_apple:
    :path: ".symlinks/plugins/cbl_flutter_apple/ios"
  Flutter:
    :path: Flutter
  path_provider:
    :path: ".symlinks/plugins/path_provider/ios"

SPEC CHECKSUMS:
  cbl_flutter_apple: 3796d718164dc99d7ed45385b16a4f278a541c52
  Flutter: 434fef37c0980e73bb6479ef766c45957d4b510c
  path_provider: abfe2b5c733d04e238b0d8691db0cfd63a27a93c

PODFILE CHECKSUM: 985e5b058f26709dc81f9ae74ea2b2775bdbcefe

COCOAPODS: 1.10.1
