PODS:
  - cbl_flutter_local (0.0.1):
    - Flutter
  - Flutter (1.0.0)

DEPENDENCIES:
  - cbl_flutter_local (from `.symlinks/plugins/cbl_flutter_local/ios`)
  - Flutter (from `Flutter`)

EXTERNAL SOURCES:
  cbl_flutter_local:
    :path: ".symlinks/plugins/cbl_flutter_local/ios"
  Flutter:
    :path: Flutter

SPEC CHECKSUMS:
  cbl_flutter_local: ff136910a971d0e3c7c67f325c8f5032afc42432
  Flutter: e0871f40cf51350855a761d2e70bf5af5b9b5de7

PODFILE CHECKSUM: 4e8f8b2be68aeea4c0d5beb6ff1e79fface1d048

COCOAPODS: 1.15.2
