PODS:
  - cbl_flutter_local (0.0.1):
    - Flutter
  - Flutter (1.0.0)
  - integration_test (0.0.1):
    - Flutter
  - path_provider_foundation (0.0.1):
    - Flutter
    - FlutterMacOS

DEPENDENCIES:
  - cbl_flutter_local (from `.symlinks/plugins/cbl_flutter_local/ios`)
  - Flutter (from `Flutter`)
  - integration_test (from `.symlinks/plugins/integration_test/ios`)
  - path_provider_foundation (from `.symlinks/plugins/path_provider_foundation/ios`)

EXTERNAL SOURCES:
  cbl_flutter_local:
    :path: ".symlinks/plugins/cbl_flutter_local/ios"
  Flutter:
    :path: Flutter
  integration_test:
    :path: ".symlinks/plugins/integration_test/ios"
  path_provider_foundation:
    :path: ".symlinks/plugins/path_provider_foundation/ios"

SPEC CHECKSUMS:
  cbl_flutter_local: ff136910a971d0e3c7c67f325c8f5032afc42432
  Flutter: 405776dd0763d7e32a8f989d4e271ca1317d080c
  integration_test: a1e7d09bd98eca2fc37aefd79d4f41ad37bdbbe5
  path_provider_foundation: c68054786f1b4f3343858c1e1d0caaded73f0be9

PODFILE CHECKSUM: 7368163408c647b7eb699d0d788ba6718e18fb8d

COCOAPODS: 1.12.0
