PODS:
  - cbl_flutter_ce (0.0.1):
    - FlutterMacOS
  - FlutterMacOS (1.0.0)
  - path_provider_foundation (0.0.1):
    - Flutter
    - FlutterMacOS

DEPENDENCIES:
  - cbl_flutter_ce (from `Flutter/ephemeral/.symlinks/plugins/cbl_flutter_ce/macos`)
  - FlutterMacOS (from `Flutter/ephemeral`)
  - path_provider_foundation (from `Flutter/ephemeral/.symlinks/plugins/path_provider_foundation/macos`)

EXTERNAL SOURCES:
  cbl_flutter_ce:
    :path: Flutter/ephemeral/.symlinks/plugins/cbl_flutter_ce/macos
  FlutterMacOS:
    :path: Flutter/ephemeral
  path_provider_foundation:
    :path: Flutter/ephemeral/.symlinks/plugins/path_provider_foundation/macos

SPEC CHECKSUMS:
  cbl_flutter_ce: 140f8a71997275218b29e4bf5771f5ad562a84c4
  FlutterMacOS: 57701585bf7de1b3fc2bb61f6378d73bbdea8424
  path_provider_macos: 160cab0d5461f0c0e02995469a98f24bdb9a3f1f

PODFILE CHECKSUM: 0d3963a09fc94f580682bd88480486da345dc3f0

COCOAPODS: 1.10.1
